{
  "name": "friendshipapp",
  "version": "1.0.0",
  "lockfileVersion": 3,
  "requires": true,
  "packages": {
    "": {
      "name": "friendshipapp",
      "version": "1.0.0",
      "license": "ISC",
      "dependencies": {
        "uview-pro": "^0.6.6"
      }
    },
    "node_modules/uview-pro": {
      "version": "0.6.6",
      "resolved": "https://registry.npmmirror.com/uview-pro/-/uview-pro-0.6.6.tgz",
      "integrity": "sha512-Qlnf7KsVawYyTbff8ElmgX2wUyqi1Zbov8Rk9hxdg7dJ2ufeZeeDkUejLtZ+mQqD35sOyxDrB9tHIxueD09mmw==",
      "license": "MIT",
      "engines": {
        "HBuilderX": "^4.07",
        "uni-app": "^4.07",
        "uni-app-x": ""
      }
    }
  }
}
